{
  "name": "aws-jwt-verify-check",
  "version": "1.0.0",
  "lockfileVersion": 1,
  "requires": true,
  "dependencies": {
    "@tsconfig/node14": {
      "version": "1.0.1",
      "resolved": "https://registry.npmjs.org/@tsconfig/node14/-/node14-1.0.1.tgz",
      "integrity": "sha512-509r2+yARFfHHE7T6Puu2jjkoycftovhXRqW328PDXTVGKihlb1P8Z9mMZH04ebyajfRY7dedfGynlrFHJUQCg==",
      "dev": true
    },
    "@types/node": {
      "version": "14.17.34",
      "resolved": "https://registry.npmjs.org/@types/node/-/node-14.17.34.tgz",
      "integrity": "sha512-USUftMYpmuMzeWobskoPfzDi+vkpe0dvcOBRNOscFrGxVp4jomnRxWuVohgqBow2xyIPC0S3gjxV/5079jhmDg==",
      "dev": true
    },
    "aws-jwt-verify": {
      "version": "2.1.0",
      "resolved": "https://registry.npmjs.org/aws-jwt-verify/-/aws-jwt-verify-2.1.0.tgz",
      "integrity": "sha512-oyLrldE+hm38DQdJYscjaaFhPsIKdNdDPGzJOqhFfDBs9nqzH1NqThHOc5Rz17dm2BQa18hj0W/4SYR+LCt8gQ=="
    },
    "typescript": {
      "version": "4.5.5",
      "resolved": "https://registry.npmjs.org/typescript/-/typescript-4.5.5.tgz",
      "integrity": "sha512-TCTIul70LyWe6IJWT8QSYeA54WQe8EjQFU4wY52Fasj5UKx88LNYKCgBEHcOMOrFF1rKGbD8v/xcNWVUq9SymA==",
      "dev": true
    }
  }
}
